// !$*UTF8*$!
{
	archiveVersion = 1;
	classes = {
	};
	objectVersion = 46;
	objects = {

/* Begin PBXBuildFile section */
		413142131E509FAA0003C4C0 /* AppDelegate.swift in Sources */ = {isa = PBXBuildFile; fileRef = 413142121E509FAA0003C4C0 /* AppDelegate.swift */; };
		413142151E509FAA0003C4C0 /* ViewController.swift in Sources */ = {isa = PBXBuildFile; fileRef = 413142141E509FAA0003C4C0 /* ViewController.swift */; };
		413142181E509FAA0003C4C0 /* Main.storyboard in Resources */ = {isa = PBXBuildFile; fileRef = 413142161E509FAA0003C4C0 /* Main.storyboard */; };
		4131421A1E509FAA0003C4C0 /* Assets.xcassets in Resources */ = {isa = PBXBuildFile; fileRef = 413142191E509FAA0003C4C0 /* Assets.xcassets */; };
		4131421D1E509FAA0003C4C0 /* LaunchScreen.storyboard in Resources */ = {isa = PBXBuildFile; fileRef = 4131421B1E509FAA0003C4C0 /* LaunchScreen.storyboard */; };
/* End PBXBuildFile section */

/* Begin PBXFileReference section */
		4131420F1E509FAA0003C4C0 /* HelloAppleWatch.app */ = {isa = PBXFileReference; explicitFileType = wrapper.application; includeInIndex = 0; path = HelloAppleWatch.app; sourceTree = BUILT_PRODUCTS_DIR; };
		413142121E509FAA0003C4C0 /* AppDelegate.swift */ = {isa = PBXFileReference; lastKnownFileType = sourcecode.swift; path = AppDelegate.swift; sourceTree = "<group>"; };
		413142141E509FAA0003C4C0 /* ViewController.swift */ = {isa = PBXFileReference; lastKnownFileType = sourcecode.swift; path = ViewController.swift; sourceTree = "<group>"; };
		413142171E509FAA0003C4C0 /* Base */ = {isa = PBXFileReference; lastKnownFileType = file.storyboard; name = Base; path = Base.lproj/Main.storyboard; sourceTree = "<group>"; };
		413142191E509FAA0003C4C0 /* Assets.xcassets */ = {isa = PBXFileReference; lastKnownFileType = folder.assetcatalog; path = Assets.xcassets; sourceTree = "<group>"; };
		4131421C1E509FAA0003C4C0 /* Base */ = {isa = PBXFileReference; lastKnownFileType = file.storyboard; name = Base; path = Base.lproj/LaunchScreen.storyboard; sourceTree = "<group>"; };
		4131421E1E509FAA0003C4C0 /* Info.plist */ = {isa = PBXFileReference; lastKnownFileType = text.plist.xml; path = Info.plist; sourceTree = "<group>"; };
/* End PBXFileReference section */

/* Begin PBXFrameworksBuildPhase section */
		4131420C1E509FAA0003C4C0 /* Frameworks */ = {
			isa = PBXFrameworksBuildPhase;
			buildActionMask = 2147483647;
			files = (
			);
			runOnlyForDeploymentPostprocessing = 0;
		};
/* End PBXFrameworksBuildPhase section */

/* Begin PBXGroup section */
		413142061E509FAA0003C4C0 = {
			isa = PBXGroup;
			children = (
				413142111E509FAA0003C4C0 /* HelloAppleWatch */,
				413142101E509FAA0003C4C0 /* Products */,
			);
			sourceTree = "<group>";
		};
		413142101E509FAA0003C4C0 /* Products */ = {
			isa = PBXGroup;
			children = (
				4131420F1E509FAA0003C4C0 /* HelloAppleWatch.app */,
			);
			name = Products;
			sourceTree = "<group>";
		};
		413142111E509FAA0003C4C0 /* HelloAppleWatch */ = {
			isa = PBXGroup;
			children = (
				413142121E509FAA0003C4C0 /* AppDelegate.swift */,
				413142141E509FAA0003C4C0 /* ViewController.swift */,
				413142161E509FAA0003C4C0 /* Main.storyboard */,
				413142191E509FAA0003C4C0 /* Assets.xcassets */,
				4131421B1E509FAA0003C4C0 /* LaunchScreen.storyboard */,
				4131421E1E509FAA0003C4C0 /* Info.plist */,
			);
			path = HelloAppleWatch;
			sourceTree = "<group>";
		};
/* End PBXGroup section */

/* Begin PBXNativeTarget section */
		4131420E1E509FAA0003C4C0 /* HelloAppleWatch */ = {
			isa = PBXNativeTarget;
			buildConfigurationList = 413142211E509FAA0003C4C0 /* Build configuration list for PBXNativeTarget "HelloAppleWatch" */;
			buildPhases = (
				4131420B1E509FAA0003C4C0 /* Sources */,
				4131420C1E509FAA0003C4C0 /* Frameworks */,
				4131420D1E509FAA0003C4C0 /* Resources */,
			);
			buildRules = (
			);
			dependencies = (
			);
			name = HelloAppleWatch;
			productName = HelloAppleWatch;
			productReference = 4131420F1E509FAA0003C4C0 /* HelloAppleWatch.app */;
			productType = "com.apple.product-type.application";
		};
/* End PBXNativeTarget section */

/* Begin PBXProject section */
		413142071E509FAA0003C4C0 /* Project object */ = {
			isa = PBXProject;
			attributes = {
				LastSwiftUpdateCheck = 0820;
				LastUpgradeCheck = 0820;
				ORGANIZATIONNAME = "Muhammad Moaz";
				TargetAttributes = {
					4131420E1E509FAA0003C4C0 = {
						CreatedOnToolsVersion = 8.2;
						DevelopmentTeam = 69CH9UTLK7;
						ProvisioningStyle = Automatic;
					};
				};
			};
			buildConfigurationList = 4131420A1E509FAA0003C4C0 /* Build configuration list for PBXProject "HelloAppleWatch" */;
			compatibilityVersion = "Xcode 3.2";
			developmentRegion = English;
			hasScannedForEncodings = 0;
			knownRegions = (
				en,
				Base,
			);
			mainGroup = 413142061E509FAA0003C4C0;
			productRefGroup = 413142101E509FAA0003C4C0 /* Products */;
			projectDirPath = "";
			projectRoot = "";
			targets = (
				4131420E1E509FAA0003C4C0 /* HelloAppleWatch */,
			);
		};
/* End PBXProject section */

/* Begin PBXResourcesBuildPhase section */
		4131420D1E509FAA0003C4C0 /* Resources */ = {
			isa = PBXResourcesBuildPhase;
			buildActionMask = 2147483647;
			files = (
				4131421D1E509FAA0003C4C0 /* LaunchScreen.storyboard in Resources */,
				4131421A1E509FAA0003C4C0 /* Assets.xcassets in Resources */,
				413142181E509FAA0003C4C0 /* Main.storyboard in Resources */,
			);
			runOnlyForDeploymentPostprocessing = 0;
		};
/* End PBXResourcesBuildPhase section */

/* Begin PBXSourcesBuildPhase section */
		4131420B1E509FAA0003C4C0 /* Sources */ = {
			isa = PBXSourcesBuildPhase;
			buildActionMask = 2147483647;
			files = (
				413142151E509FAA0003C4C0 /* ViewController.swift in Sources */,
				413142131E509FAA0003C4C0 /* AppDelegate.swift in Sources */,
			);
			runOnlyForDeploymentPostprocessing = 0;
		};
/* End PBXSourcesBuildPhase section */

/* Begin PBXVariantGroup section */
		413142161E509FAA0003C4C0 /* Main.storyboard */ = {
			isa = PBXVariantGroup;
			children = (
				413142171E509FAA0003C4C0 /* Base */,
			);
			name = Main.storyboard;
			sourceTree = "<group>";
		};
		4131421B1E509FAA0003C4C0 /* LaunchScreen.storyboard */ = {
			isa = PBXVariantGroup;
			children = (
				4131421C1E509FAA0003C4C0 /* Base */,
			);
			name = LaunchScreen.storyboard;
			sourceTree = "<group>";
		};
/* End PBXVariantGroup section */

/* Begin XCBuildConfiguration section */
		4131421F1E509FAA0003C4C0 /* Debug */ = {
			isa = XCBuildConfiguration;
			buildSettings = {
				ALWAYS_SEARCH_USER_PATHS = NO;
				CLANG_ANALYZER_NONNULL = YES;
				CLANG_CXX_LANGUAGE_STANDARD = "gnu++0x";
				CLANG_CXX_LIBRARY = "libc++";
				CLANG_ENABLE_MODULES = YES;
				CLANG_ENABLE_OBJC_ARC = YES;
				CLANG_WARN_BOOL_CONVERSION = YES;
				CLANG_WARN_CONSTANT_CONVERSION = YES;
				CLANG_WARN_DIRECT_OBJC_ISA_USAGE = YES_ERROR;
				CLANG_WARN_DOCUMENTATION_COMMENTS = YES;
				CLANG_WARN_EMPTY_BODY = YES;
				CLANG_WARN_ENUM_CONVERSION = YES;
				CLANG_WARN_INFINITE_RECURSION = YES;
				CLANG_WARN_INT_CONVERSION = YES;
				CLANG_WARN_OBJC_ROOT_CLASS = YES_ERROR;
				CLANG_WARN_SUSPICIOUS_MOVE = YES;
				CLANG_WARN_UNREACHABLE_CODE = YES;
				CLANG_WARN__DUPLICATE_METHOD_MATCH = YES;
				"CODE_SIGN_IDENTITY[sdk=iphoneos*]" = "iPhone Developer";
				COPY_PHASE_STRIP = NO;
				DEBUG_INFORMATION_FORMAT = dwarf;
				ENABLE_STRICT_OBJC_MSGSEND = YES;
				ENABLE_TESTABILITY = YES;
				GCC_C_LANGUAGE_STANDARD = gnu99;
				GCC_DYNAMIC_NO_PIC = NO;
				GCC_NO_COMMON_BLOCKS = YES;
				GCC_OPTIMIZATION_LEVEL = 0;
				GCC_PREPROCESSOR_DEFINITIONS = (
					"DEBUG=1",
					"$(inherited)",
				);
				GCC_WARN_64_TO_32_BIT_CONVERSION = YES;
				GCC_WARN_ABOUT_RETURN_TYPE = YES_ERROR;
				GCC_WARN_UNDECLARED_SELECTOR = YES;
				GCC_WARN_UNINITIALIZED_AUTOS = YES_AGGRESSIVE;
				GCC_WARN_UNUSED_FUNCTION = YES;
				GCC_WARN_UNUSED_VARIABLE = YES;
				IPHONEOS_DEPLOYMENT_TARGET = 10.2;
				MTL_ENABLE_DEBUG_INFO = YES;
				ONLY_ACTIVE_ARCH = YES;
				SDKROOT = iphoneos;
				SWIFT_ACTIVE_COMPILATION_CONDITIONS = DEBUG;
				SWIFT_OPTIMIZATION_LEVEL = "-Onone";
			};
			name = Debug;
		};
		413142201E509FAA0003C4C0 /* Release */ = {
			isa = XCBuildConfiguration;
			buildSettings = {
				ALWAYS_SEARCH_USER_PATHS = NO;
				CLANG_ANALYZER_NONNULL = YES;
				CLANG_CXX_LANGUAGE_STANDARD = "gnu++0x";
				CLANG_CXX_LIBRARY = "libc++";
				CLANG_ENABLE_MODULES = YES;
				CLANG_ENABLE_OBJC_ARC = YES;
				CLANG_WARN_BOOL_CONVERSION = YES;
				CLANG_WARN_CONSTANT_CONVERSION = YES;
				CLANG_WARN_DIRECT_OBJC_ISA_USAGE = YES_ERROR;
				CLANG_WARN_DOCUMENTATION_COMMENTS = YES;
				CLANG_WARN_EMPTY_BODY = YES;
				CLANG_WARN_ENUM_CONVERSION = YES;
				CLANG_WARN_INFINITE_RECURSION = YES;
				CLANG_WARN_INT_CONVERSION = YES;
				CLANG_WARN_OBJC_ROOT_CLASS = YES_ERROR;
				CLANG_WARN_SUSPICIOUS_MOVE = YES;
				CLANG_WARN_UNREACHABLE_CODE = YES;
				CLANG_WARN__DUPLICATE_METHOD_MATCH = YES;
				"CODE_SIGN_IDENTITY[sdk=iphoneos*]" = "iPhone Developer";
				COPY_PHASE_STRIP = NO;
				DEBUG_INFORMATION_FORMAT = "dwarf-with-dsym";
				ENABLE_NS_ASSERTIONS = NO;
				ENABLE_STRICT_OBJC_MSGSEND = YES;
				GCC_C_LANGUAGE_STANDARD = gnu99;
				GCC_NO_COMMON_BLOCKS = YES;
				GCC_WARN_64_TO_32_BIT_CONVERSION = YES;
				GCC_WARN_ABOUT_RETURN_TYPE = YES_ERROR;
				GCC_WARN_UNDECLARED_SELECTOR = YES;
				GCC_WARN_UNINITIALIZED_AUTOS = YES_AGGRESSIVE;
				GCC_WARN_UNUSED_FUNCTION = YES;
				GCC_WARN_UNUSED_VARIABLE = YES;
				IPHONEOS_DEPLOYMENT_TARGET = 10.2;
				MTL_ENABLE_DEBUG_INFO = NO;
				SDKROOT = iphoneos;
				SWIFT_OPTIMIZATION_LEVEL = "-Owholemodule";
				VALIDATE_PRODUCT = YES;
			};
			name = Release;
		};
		413142221E509FAA0003C4C0 /* Debug */ = {
			isa = XCBuildConfiguration;
			buildSettings = {
				ASSETCATALOG_COMPILER_APPICON_NAME = AppIcon;
				DEVELOPMENT_TEAM = 69CH9UTLK7;
				INFOPLIST_FILE = HelloAppleWatch/Info.plist;
				LD_RUNPATH_SEARCH_PATHS = "$(inherited) @executable_path/Frameworks";
				PRODUCT_BUNDLE_IDENTIFIER = Moaz.HelloAppleWatch;
				PRODUCT_NAME = "$(TARGET_NAME)";
				SWIFT_VERSION = 3.0;
			};
			name = Debug;
		};
		413142231E509FAA0003C4C0 /* Release */ = {
			isa = XCBuildConfiguration;
			buildSettings = {
				ASSETCATALOG_COMPILER_APPICON_NAME = AppIcon;
				DEVELOPMENT_TEAM = 69CH9UTLK7;
				INFOPLIST_FILE = HelloAppleWatch/Info.plist;
				LD_RUNPATH_SEARCH_PATHS = "$(inherited) @executable_path/Frameworks";
				PRODUCT_BUNDLE_IDENTIFIER = Moaz.HelloAppleWatch;
				PRODUCT_NAME = "$(TARGET_NAME)";
				SWIFT_VERSION = 3.0;
			};
			name = Release;
		};
/* End XCBuildConfiguration section */

/* Begin XCConfigurationList section */
		4131420A1E509FAA0003C4C0 /* Build configuration list for PBXProject "HelloAppleWatch" */ = {
			isa = XCConfigurationList;
			buildConfigurations = (
				4131421F1E509FAA0003C4C0 /* Debug */,
				413142201E509FAA0003C4C0 /* Release */,
			);
			defaultConfigurationIsVisible = 0;
			defaultConfigurationName = Release;
		};
		413142211E509FAA0003C4C0 /* Build configuration list for PBXNativeTarget "HelloAppleWatch" */ = {
			isa = XCConfigurationList;
			buildConfigurations = (
				413142221E509FAA0003C4C0 /* Debug */,
				413142231E509FAA0003C4C0 /* Release */,
			);
			defaultConfigurationIsVisible = 0;
		};
/* End XCConfigurationList section */
	};
	rootObject = 413142071E509FAA0003C4C0 /* Project object */;
}
